
Microsoft Visual Studio Solution File, Format Version 12.00
# Visual Studio Version 16
VisualStudioVersion = 16.0.31624.102
MinimumVisualStudioVersion = 10.0.40219.1
Project("{FAE04EC0-301F-11D3-BF4B-00C04F79EFBC}") = "GUI_QLTHUVIEN", "GUI_QLTHUVIEN\GUI_QLTHUVIEN.csproj", "{C4B07F94-DDD3-4A1D-A4E1-ED7552A9A496}"
EndProject
Project("{FAE04EC0-301F-11D3-BF4B-00C04F79EFBC}") = "DAL_QLTHUVIEN", "DAL_QLTHUVIEN\DAL_QLTHUVIEN.csproj", "{6845CAC0-A43A-4AC6-BC89-8FEE28C0909F}"
EndProject
Project("{FAE04EC0-301F-11D3-BF4B-00C04F79EFBC}") = "BUS_QLTHUVIEN", "BUS_QLTHUVIEN\BUS_QLTHUVIEN.csproj", "{8DAA9BE3-54B6-4393-BD8B-D2651506D9E8}"
EndProject
Global
	GlobalSection(SolutionConfigurationPlatforms) = preSolution
		Debug|Any CPU = Debug|Any CPU
		Release|Any CPU = Release|Any CPU
	EndGlobalSection
	GlobalSection(ProjectConfigurationPlatforms) = postSolution
		{C4B07F94-DDD3-4A1D-A4E1-ED7552A9A496}.Debug|Any CPU.ActiveCfg = Debug|Any CPU
		{C4B07F94-DDD3-4A1D-A4E1-ED7552A9A496}.Debug|Any CPU.Build.0 = Debug|Any CPU
		{C4B07F94-DDD3-4A1D-A4E1-ED7552A9A496}.Release|Any CPU.ActiveCfg = Release|Any CPU
		{C4B07F94-DDD3-4A1D-A4E1-ED7552A9A496}.Release|Any CPU.Build.0 = Release|Any CPU
		{6845CAC0-A43A-4AC6-BC89-8FEE28C0909F}.Debug|Any CPU.ActiveCfg = Debug|Any CPU
		{6845CAC0-A43A-4AC6-BC89-8FEE28C0909F}.Debug|Any CPU.Build.0 = Debug|Any CPU
		{6845CAC0-A43A-4AC6-BC89-8FEE28C0909F}.Release|Any CPU.ActiveCfg = Release|Any CPU
		{6845CAC0-A43A-4AC6-BC89-8FEE28C0909F}.Release|Any CPU.Build.0 = Release|Any CPU
		{8DAA9BE3-54B6-4393-BD8B-D2651506D9E8}.Debug|Any CPU.ActiveCfg = Debug|Any CPU
		{8DAA9BE3-54B6-4393-BD8B-D2651506D9E8}.Debug|Any CPU.Build.0 = Debug|Any CPU
		{8DAA9BE3-54B6-4393-BD8B-D2651506D9E8}.Release|Any CPU.ActiveCfg = Release|Any CPU
		{8DAA9BE3-54B6-4393-BD8B-D2651506D9E8}.Release|Any CPU.Build.0 = Release|Any CPU
	EndGlobalSection
	GlobalSection(SolutionProperties) = preSolution
		HideSolutionNode = FALSE
	EndGlobalSection
	GlobalSection(ExtensibilityGlobals) = postSolution
		SolutionGuid = {FCDF129C-987D-4B66-BE35-0279B7DB82CA}
	EndGlobalSection
EndGlobal
